
Microsoft Visual Studio Solution File, Format Version 12.00
# Visual Studio Version 16
VisualStudioVersion = 16.0.31424.327
MinimumVisualStudioVersion = 10.0.40219.1
Project("{F184B08F-C81C-45F6-A57F-5ABD9991F28F}") = "zzzz", "zzzz.vbproj", "{911F67E4-57A0-42E2-95C6-0F3AFC6EA808}"
EndProject
Global
	GlobalSection(SolutionConfigurationPlatforms) = preSolution
		Debug|Any CPU = Debug|Any CPU
		Release|Any CPU = Release|Any CPU
	EndGlobalSection
	GlobalSection(ProjectConfigurationPlatforms) = postSolution
		{911F67E4-57A0-42E2-95C6-0F3AFC6EA808}.Debug|Any CPU.ActiveCfg = Debug|Any CPU
		{911F67E4-57A0-42E2-95C6-0F3AFC6EA808}.Debug|Any CPU.Build.0 = Debug|Any CPU
		{911F67E4-57A0-42E2-95C6-0F3AFC6EA808}.Release|Any CPU.ActiveCfg = Release|Any CPU
		{911F67E4-57A0-42E2-95C6-0F3AFC6EA808}.Release|Any CPU.Build.0 = Release|Any CPU
	EndGlobalSection
	GlobalSection(SolutionProperties) = preSolution
		HideSolutionNode = FALSE
	EndGlobalSection
	GlobalSection(ExtensibilityGlobals) = postSolution
		SolutionGuid = {099B08BE-F7D7-49F5-B1B3-47F5774FBB7B}
	EndGlobalSection
EndGlobal
